
Microsoft Visual Studio Solution File, Format Version 12.00
# Visual Studio 2012
Project("{FAE04EC0-301F-11D3-BF4B-00C04F79EFBC}") = "Neo4jApp", "Neo4jApp\Neo4jApp.csproj", "{1751BDD2-3391-4C5E-975C-6C4BC29B2CB1}"
EndProject
Project("{FAE04EC0-301F-11D3-BF4B-00C04F79EFBC}") = "Neo4jApp.Tests", "Neo4jApp.Tests\Neo4jApp.Tests.csproj", "{57057461-F526-43B3-9EC9-ED5595802ED6}"
EndProject
Global
	GlobalSection(SolutionConfigurationPlatforms) = preSolution
		Debug|Any CPU = Debug|Any CPU
		Release|Any CPU = Release|Any CPU
	EndGlobalSection
	GlobalSection(ProjectConfigurationPlatforms) = postSolution
		{1751BDD2-3391-4C5E-975C-6C4BC29B2CB1}.Debug|Any CPU.ActiveCfg = Debug|Any CPU
		{1751BDD2-3391-4C5E-975C-6C4BC29B2CB1}.Debug|Any CPU.Build.0 = Debug|Any CPU
		{1751BDD2-3391-4C5E-975C-6C4BC29B2CB1}.Release|Any CPU.ActiveCfg = Release|Any CPU
		{1751BDD2-3391-4C5E-975C-6C4BC29B2CB1}.Release|Any CPU.Build.0 = Release|Any CPU
		{57057461-F526-43B3-9EC9-ED5595802ED6}.Debug|Any CPU.ActiveCfg = Debug|Any CPU
		{57057461-F526-43B3-9EC9-ED5595802ED6}.Debug|Any CPU.Build.0 = Debug|Any CPU
		{57057461-F526-43B3-9EC9-ED5595802ED6}.Release|Any CPU.ActiveCfg = Release|Any CPU
		{57057461-F526-43B3-9EC9-ED5595802ED6}.Release|Any CPU.Build.0 = Release|Any CPU
	EndGlobalSection
	GlobalSection(SolutionProperties) = preSolution
		HideSolutionNode = FALSE
	EndGlobalSection
EndGlobal
